
Microsoft Visual Studio Solution File, Format Version 12.00
# Visual Studio 15
Project("{F2A71F9B-5D33-465A-A702-920D77279786}") = "Game", "Game\Game.fsproj", "{B07D878C-3E46-4179-A18A-A9DCD3586231}"
EndProject
Global
	GlobalSection(SolutionConfigurationPlatforms) = preSolution
		Debug|Any CPU = Debug|Any CPU
		Release|Any CPU = Release|Any CPU
	EndGlobalSection
	GlobalSection(ProjectConfigurationPlatforms) = postSolution
		{B07D878C-3E46-4179-A18A-A9DCD3586231}.Debug|Any CPU.ActiveCfg = Debug|Any CPU
		{B07D878C-3E46-4179-A18A-A9DCD3586231}.Debug|Any CPU.Build.0 = Debug|Any CPU
		{B07D878C-3E46-4179-A18A-A9DCD3586231}.Release|Any CPU.ActiveCfg = Release|Any CPU
		{B07D878C-3E46-4179-A18A-A9DCD3586231}.Release|Any CPU.Build.0 = Release|Any CPU
	EndGlobalSection
EndGlobal
